// !$*UTF8*$!
{
	archiveVersion = 1;
	classes = {
	};
	objectVersion = 55;
	objects = {

/* Begin PBXBuildFile section */
		B2388517270FCC2600E25B5B /* LoginWireframe.swift in Sources */ = {isa = PBXBuildFile; fileRef = B2388516270FCC2600E25B5B /* LoginWireframe.swift */; };
		B2388519270FD16700E25B5B /* LoginEventHandlerProtocol.swift in Sources */ = {isa = PBXBuildFile; fileRef = B2388518270FD16700E25B5B /* LoginEventHandlerProtocol.swift */; };
		B238851C270FD68700E25B5B /* ViperRouter.swift in Sources */ = {isa = PBXBuildFile; fileRef = B238851B270FD68700E25B5B /* ViperRouter.swift */; };
		B238851E270FD75900E25B5B /* ViperPresenter.swift in Sources */ = {isa = PBXBuildFile; fileRef = B238851D270FD75900E25B5B /* ViperPresenter.swift */; };
		B2388520270FD7E100E25B5B /* ViperView.swift in Sources */ = {isa = PBXBuildFile; fileRef = B238851F270FD7E100E25B5B /* ViperView.swift */; };
		B2388522270FD80C00E25B5B /* ViperInteractor.swift in Sources */ = {isa = PBXBuildFile; fileRef = B2388521270FD80C00E25B5B /* ViperInteractor.swift */; };
		B2388524270FDA5800E25B5B /* LoginProviderProtocol.swift in Sources */ = {isa = PBXBuildFile; fileRef = B2388523270FDA5800E25B5B /* LoginProviderProtocol.swift */; };
		B2388526270FDB6900E25B5B /* LoginOutputProtocol.swift in Sources */ = {isa = PBXBuildFile; fileRef = B2388525270FDB6900E25B5B /* LoginOutputProtocol.swift */; };
		B2388528270FF32900E25B5B /* HomeTabBarView.swift in Sources */ = {isa = PBXBuildFile; fileRef = B2388527270FF32900E25B5B /* HomeTabBarView.swift */; };
		B238852A270FF99200E25B5B /* HomeTabBarWireframe.swift in Sources */ = {isa = PBXBuildFile; fileRef = B2388529270FF99200E25B5B /* HomeTabBarWireframe.swift */; };
		B238852C2710010D00E25B5B /* HomeTabBarItemEntity.swift in Sources */ = {isa = PBXBuildFile; fileRef = B238852B2710010D00E25B5B /* HomeTabBarItemEntity.swift */; };
		B23885342710032B00E25B5B /* DogsView.swift in Sources */ = {isa = PBXBuildFile; fileRef = B23885322710032B00E25B5B /* DogsView.swift */; };
		B23885352710032B00E25B5B /* DogsView.xib in Resources */ = {isa = PBXBuildFile; fileRef = B23885332710032B00E25B5B /* DogsView.xib */; };
		B23885372710037600E25B5B /* DogsWireframe.swift in Sources */ = {isa = PBXBuildFile; fileRef = B23885362710037600E25B5B /* DogsWireframe.swift */; };
		B2388539271003BC00E25B5B /* DogsPresenter.swift in Sources */ = {isa = PBXBuildFile; fileRef = B2388538271003BC00E25B5B /* DogsPresenter.swift */; };
		B238853B271003F200E25B5B /* PetEntity.swift in Sources */ = {isa = PBXBuildFile; fileRef = B238853A271003F200E25B5B /* PetEntity.swift */; };
		B238853D2710042F00E25B5B /* DogsInteractor.swift in Sources */ = {isa = PBXBuildFile; fileRef = B238853C2710042F00E25B5B /* DogsInteractor.swift */; };
		B238853F2710045F00E25B5B /* DogsProviderProtocol.swift in Sources */ = {isa = PBXBuildFile; fileRef = B238853E2710045F00E25B5B /* DogsProviderProtocol.swift */; };
		B23885412710047D00E25B5B /* DogsOutputProtocol.swift in Sources */ = {isa = PBXBuildFile; fileRef = B23885402710047D00E25B5B /* DogsOutputProtocol.swift */; };
		B2388543271005B700E25B5B /* DogsEventHandlerProtocol.swift in Sources */ = {isa = PBXBuildFile; fileRef = B2388542271005B700E25B5B /* DogsEventHandlerProtocol.swift */; };
		B238854A2710115300E25B5B /* CatsWireframe.swift in Sources */ = {isa = PBXBuildFile; fileRef = B23885492710115300E25B5B /* CatsWireframe.swift */; };
		B238854C271011C300E25B5B /* CatsPresenter.swift in Sources */ = {isa = PBXBuildFile; fileRef = B238854B271011C300E25B5B /* CatsPresenter.swift */; };
		B238854E2710120300E25B5B /* CatsOutputProtocol.swift in Sources */ = {isa = PBXBuildFile; fileRef = B238854D2710120300E25B5B /* CatsOutputProtocol.swift */; };
		B23885502710122C00E25B5B /* CatsInteractor.swift in Sources */ = {isa = PBXBuildFile; fileRef = B238854F2710122C00E25B5B /* CatsInteractor.swift */; };
		B2388552271012D100E25B5B /* CatsProviderProtocol.swift in Sources */ = {isa = PBXBuildFile; fileRef = B2388551271012D100E25B5B /* CatsProviderProtocol.swift */; };
		B2388555271012F100E25B5B /* CatsView.swift in Sources */ = {isa = PBXBuildFile; fileRef = B2388553271012F100E25B5B /* CatsView.swift */; };
		B2388556271012F100E25B5B /* CatsView.xib in Resources */ = {isa = PBXBuildFile; fileRef = B2388554271012F100E25B5B /* CatsView.xib */; };
		B23885582710132200E25B5B /* CatsEventHandlerProtocol.swift in Sources */ = {isa = PBXBuildFile; fileRef = B23885572710132200E25B5B /* CatsEventHandlerProtocol.swift */; };
		B238855B271013D500E25B5B /* MasterViewController.swift in Sources */ = {isa = PBXBuildFile; fileRef = B238855A271013D500E25B5B /* MasterViewController.swift */; };
		B2955FF4270FC493001DA7A4 /* AppDelegate.swift in Sources */ = {isa = PBXBuildFile; fileRef = B2955FF3270FC493001DA7A4 /* AppDelegate.swift */; };
		B2955FF6270FC493001DA7A4 /* SceneDelegate.swift in Sources */ = {isa = PBXBuildFile; fileRef = B2955FF5270FC493001DA7A4 /* SceneDelegate.swift */; };
		B2955FF8270FC493001DA7A4 /* ViewController.swift in Sources */ = {isa = PBXBuildFile; fileRef = B2955FF7270FC493001DA7A4 /* ViewController.swift */; };
		B2955FFE270FC493001DA7A4 /* iOSViperExample.xcdatamodeld in Sources */ = {isa = PBXBuildFile; fileRef = B2955FFC270FC493001DA7A4 /* iOSViperExample.xcdatamodeld */; };
		B2956000270FC495001DA7A4 /* Assets.xcassets in Resources */ = {isa = PBXBuildFile; fileRef = B2955FFF270FC495001DA7A4 /* Assets.xcassets */; };
		B2956003270FC495001DA7A4 /* LaunchScreen.storyboard in Resources */ = {isa = PBXBuildFile; fileRef = B2956001270FC495001DA7A4 /* LaunchScreen.storyboard */; };
		B295600E270FC496001DA7A4 /* iOSViperExampleTests.swift in Sources */ = {isa = PBXBuildFile; fileRef = B295600D270FC496001DA7A4 /* iOSViperExampleTests.swift */; };
		B2956018270FC496001DA7A4 /* iOSViperExampleUITests.swift in Sources */ = {isa = PBXBuildFile; fileRef = B2956017270FC496001DA7A4 /* iOSViperExampleUITests.swift */; };
		B295601A270FC496001DA7A4 /* iOSViperExampleUITestsLaunchTests.swift in Sources */ = {isa = PBXBuildFile; fileRef = B2956019270FC496001DA7A4 /* iOSViperExampleUITestsLaunchTests.swift */; };
		B295603B270FC97E001DA7A4 /* LoginView.swift in Sources */ = {isa = PBXBuildFile; fileRef = B2956039270FC97E001DA7A4 /* LoginView.swift */; };
		B295603C270FC97E001DA7A4 /* LoginView.xib in Resources */ = {isa = PBXBuildFile; fileRef = B295603A270FC97E001DA7A4 /* LoginView.xib */; };
		B295603E270FC99E001DA7A4 /* LoginInteractor.swift in Sources */ = {isa = PBXBuildFile; fileRef = B295603D270FC99E001DA7A4 /* LoginInteractor.swift */; };
		B2956040270FC9D5001DA7A4 /* LoginPresenter.swift in Sources */ = {isa = PBXBuildFile; fileRef = B295603F270FC9D5001DA7A4 /* LoginPresenter.swift */; };
		B2956042270FC9EC001DA7A4 /* LoginRequestEntity.swift in Sources */ = {isa = PBXBuildFile; fileRef = B2956041270FC9EC001DA7A4 /* LoginRequestEntity.swift */; };
		B2956044270FC9F9001DA7A4 /* LoginResponseEntity.swift in Sources */ = {isa = PBXBuildFile; fileRef = B2956043270FC9F9001DA7A4 /* LoginResponseEntity.swift */; };
		B2A91E882720E85A00C6561B /* DogListTableViewCell.swift in Sources */ = {isa = PBXBuildFile; fileRef = B2A91E862720E85A00C6561B /* DogListTableViewCell.swift */; };
		B2A91E8C2720EB8C00C6561B /* UIViewExtensions.swift in Sources */ = {isa = PBXBuildFile; fileRef = B2A91E8B2720EB8C00C6561B /* UIViewExtensions.swift */; };
		B2A91E8E2721083000C6561B /* UIViewControllerExtensions.swift in Sources */ = {isa = PBXBuildFile; fileRef = B2A91E8D2721083000C6561B /* UIViewControllerExtensions.swift */; };
		B2A91E92272114E300C6561B /* CatListTableViewCell.swift in Sources */ = {isa = PBXBuildFile; fileRef = B2A91E90272114E300C6561B /* CatListTableViewCell.swift */; };
		B2A91E93272114E300C6561B /* CatListTableViewCell.xib in Resources */ = {isa = PBXBuildFile; fileRef = B2A91E91272114E300C6561B /* CatListTableViewCell.xib */; };
		B2A91E9527211DA600C6561B /* DogListTableViewCell.xib in Resources */ = {isa = PBXBuildFile; fileRef = B2A91E9427211DA600C6561B /* DogListTableViewCell.xib */; };
		B2A91E982721328E00C6561B /* Cats.json in Resources */ = {isa = PBXBuildFile; fileRef = B2A91E972721328E00C6561B /* Cats.json */; };
		B2A91EA127213B0100C6561B /* AdoptView.swift in Sources */ = {isa = PBXBuildFile; fileRef = B2A91E9F27213B0100C6561B /* AdoptView.swift */; };
		B2A91EA227213B0100C6561B /* AdoptView.xib in Resources */ = {isa = PBXBuildFile; fileRef = B2A91EA027213B0100C6561B /* AdoptView.xib */; };
		B2A91EA427213B2C00C6561B /* AdoptWireframe.swift in Sources */ = {isa = PBXBuildFile; fileRef = B2A91EA327213B2C00C6561B /* AdoptWireframe.swift */; };
		B2A91EA627213B4100C6561B /* AdoptEntity.swift in Sources */ = {isa = PBXBuildFile; fileRef = B2A91EA527213B4100C6561B /* AdoptEntity.swift */; };
		B2A91EA827213B5800C6561B /* AdoptPresenter.swift in Sources */ = {isa = PBXBuildFile; fileRef = B2A91EA727213B5800C6561B /* AdoptPresenter.swift */; };
		B2A91EAB27213B6C00C6561B /* AdoptInteractor.swift in Sources */ = {isa = PBXBuildFile; fileRef = B2A91EAA27213B6C00C6561B /* AdoptInteractor.swift */; };
		B2A91EAD27213BAE00C6561B /* AdoptProviderProtocol.swift in Sources */ = {isa = PBXBuildFile; fileRef = B2A91EAC27213BAD00C6561B /* AdoptProviderProtocol.swift */; };
		B2A91EAF27213BE100C6561B /* AdoptOutputProtocol.swift in Sources */ = {isa = PBXBuildFile; fileRef = B2A91EAE27213BE100C6561B /* AdoptOutputProtocol.swift */; };
		B2A91EB1272142A900C6561B /* AdoptEventHandlerProtocol.swift in Sources */ = {isa = PBXBuildFile; fileRef = B2A91EB0272142A900C6561B /* AdoptEventHandlerProtocol.swift */; };
/* End PBXBuildFile section */

/* Begin PBXContainerItemProxy section */
		B295600A270FC496001DA7A4 /* PBXContainerItemProxy */ = {
			isa = PBXContainerItemProxy;
			containerPortal = B2955FE8270FC493001DA7A4 /* Project object */;
			proxyType = 1;
			remoteGlobalIDString = B2955FEF270FC493001DA7A4;
			remoteInfo = iOSViperExample;
		};
		B2956014270FC496001DA7A4 /* PBXContainerItemProxy */ = {
			isa = PBXContainerItemProxy;
			containerPortal = B2955FE8270FC493001DA7A4 /* Project object */;
			proxyType = 1;
			remoteGlobalIDString = B2955FEF270FC493001DA7A4;
			remoteInfo = iOSViperExample;
		};
/* End PBXContainerItemProxy section */

/* Begin PBXFileReference section */
		B2388516270FCC2600E25B5B /* LoginWireframe.swift */ = {isa = PBXFileReference; lastKnownFileType = sourcecode.swift; path = LoginWireframe.swift; sourceTree = "<group>"; };
		B2388518270FD16700E25B5B /* LoginEventHandlerProtocol.swift */ = {isa = PBXFileReference; lastKnownFileType = sourcecode.swift; path = LoginEventHandlerProtocol.swift; sourceTree = "<group>"; };
		B238851B270FD68700E25B5B /* ViperRouter.swift */ = {isa = PBXFileReference; lastKnownFileType = sourcecode.swift; path = ViperRouter.swift; sourceTree = "<group>"; };
		B238851D270FD75900E25B5B /* ViperPresenter.swift */ = {isa = PBXFileReference; lastKnownFileType = sourcecode.swift; path = ViperPresenter.swift; sourceTree = "<group>"; };
		B238851F270FD7E100E25B5B /* ViperView.swift */ = {isa = PBXFileReference; lastKnownFileType = sourcecode.swift; path = ViperView.swift; sourceTree = "<group>"; };
		B2388521270FD80C00E25B5B /* ViperInteractor.swift */ = {isa = PBXFileReference; lastKnownFileType = sourcecode.swift; path = ViperInteractor.swift; sourceTree = "<group>"; };
		B2388523270FDA5800E25B5B /* LoginProviderProtocol.swift */ = {isa = PBXFileReference; lastKnownFileType = sourcecode.swift; path = LoginProviderProtocol.swift; sourceTree = "<group>"; };
		B2388525270FDB6900E25B5B /* LoginOutputProtocol.swift */ = {isa = PBXFileReference; lastKnownFileType = sourcecode.swift; path = LoginOutputProtocol.swift; sourceTree = "<group>"; };
		B2388527270FF32900E25B5B /* HomeTabBarView.swift */ = {isa = PBXFileReference; lastKnownFileType = sourcecode.swift; path = HomeTabBarView.swift; sourceTree = "<group>"; };
		B2388529270FF99200E25B5B /* HomeTabBarWireframe.swift */ = {isa = PBXFileReference; lastKnownFileType = sourcecode.swift; path = HomeTabBarWireframe.swift; sourceTree = "<group>"; };
		B238852B2710010D00E25B5B /* HomeTabBarItemEntity.swift */ = {isa = PBXFileReference; lastKnownFileType = sourcecode.swift; path = HomeTabBarItemEntity.swift; sourceTree = "<group>"; };
		B23885322710032B00E25B5B /* DogsView.swift */ = {isa = PBXFileReference; lastKnownFileType = sourcecode.swift; path = DogsView.swift; sourceTree = "<group>"; };
		B23885332710032B00E25B5B /* DogsView.xib */ = {isa = PBXFileReference; lastKnownFileType = file.xib; path = DogsView.xib; sourceTree = "<group>"; };
		B23885362710037600E25B5B /* DogsWireframe.swift */ = {isa = PBXFileReference; lastKnownFileType = sourcecode.swift; path = DogsWireframe.swift; sourceTree = "<group>"; };
		B2388538271003BC00E25B5B /* DogsPresenter.swift */ = {isa = PBXFileReference; lastKnownFileType = sourcecode.swift; path = DogsPresenter.swift; sourceTree = "<group>"; };
		B238853A271003F200E25B5B /* PetEntity.swift */ = {isa = PBXFileReference; lastKnownFileType = sourcecode.swift; path = PetEntity.swift; sourceTree = "<group>"; };
		B238853C2710042F00E25B5B /* DogsInteractor.swift */ = {isa = PBXFileReference; lastKnownFileType = sourcecode.swift; path = DogsInteractor.swift; sourceTree = "<group>"; };
		B238853E2710045F00E25B5B /* DogsProviderProtocol.swift */ = {isa = PBXFileReference; lastKnownFileType = sourcecode.swift; path = DogsProviderProtocol.swift; sourceTree = "<group>"; };
		B23885402710047D00E25B5B /* DogsOutputProtocol.swift */ = {isa = PBXFileReference; lastKnownFileType = sourcecode.swift; path = DogsOutputProtocol.swift; sourceTree = "<group>"; };
		B2388542271005B700E25B5B /* DogsEventHandlerProtocol.swift */ = {isa = PBXFileReference; lastKnownFileType = sourcecode.swift; path = DogsEventHandlerProtocol.swift; sourceTree = "<group>"; };
		B23885492710115300E25B5B /* CatsWireframe.swift */ = {isa = PBXFileReference; lastKnownFileType = sourcecode.swift; path = CatsWireframe.swift; sourceTree = "<group>"; };
		B238854B271011C300E25B5B /* CatsPresenter.swift */ = {isa = PBXFileReference; lastKnownFileType = sourcecode.swift; path = CatsPresenter.swift; sourceTree = "<group>"; };
		B238854D2710120300E25B5B /* CatsOutputProtocol.swift */ = {isa = PBXFileReference; lastKnownFileType = sourcecode.swift; path = CatsOutputProtocol.swift; sourceTree = "<group>"; };
		B238854F2710122C00E25B5B /* CatsInteractor.swift */ = {isa = PBXFileReference; lastKnownFileType = sourcecode.swift; path = CatsInteractor.swift; sourceTree = "<group>"; };
		B2388551271012D100E25B5B /* CatsProviderProtocol.swift */ = {isa = PBXFileReference; lastKnownFileType = sourcecode.swift; path = CatsProviderProtocol.swift; sourceTree = "<group>"; };
		B2388553271012F100E25B5B /* CatsView.swift */ = {isa = PBXFileReference; lastKnownFileType = sourcecode.swift; path = CatsView.swift; sourceTree = "<group>"; };
		B2388554271012F100E25B5B /* CatsView.xib */ = {isa = PBXFileReference; lastKnownFileType = file.xib; path = CatsView.xib; sourceTree = "<group>"; };
		B23885572710132200E25B5B /* CatsEventHandlerProtocol.swift */ = {isa = PBXFileReference; lastKnownFileType = sourcecode.swift; path = CatsEventHandlerProtocol.swift; sourceTree = "<group>"; };
		B238855A271013D500E25B5B /* MasterViewController.swift */ = {isa = PBXFileReference; lastKnownFileType = sourcecode.swift; path = MasterViewController.swift; sourceTree = "<group>"; };
		B2955FF0270FC493001DA7A4 /* iOSViperExample.app */ = {isa = PBXFileReference; explicitFileType = wrapper.application; includeInIndex = 0; path = iOSViperExample.app; sourceTree = BUILT_PRODUCTS_DIR; };
		B2955FF3270FC493001DA7A4 /* AppDelegate.swift */ = {isa = PBXFileReference; lastKnownFileType = sourcecode.swift; path = AppDelegate.swift; sourceTree = "<group>"; };
		B2955FF5270FC493001DA7A4 /* SceneDelegate.swift */ = {isa = PBXFileReference; lastKnownFileType = sourcecode.swift; path = SceneDelegate.swift; sourceTree = "<group>"; };
		B2955FF7270FC493001DA7A4 /* ViewController.swift */ = {isa = PBXFileReference; lastKnownFileType = sourcecode.swift; path = ViewController.swift; sourceTree = "<group>"; };
		B2955FFD270FC493001DA7A4 /* iOSViperExample.xcdatamodel */ = {isa = PBXFileReference; lastKnownFileType = wrapper.xcdatamodel; path = iOSViperExample.xcdatamodel; sourceTree = "<group>"; };
		B2955FFF270FC495001DA7A4 /* Assets.xcassets */ = {isa = PBXFileReference; lastKnownFileType = folder.assetcatalog; path = Assets.xcassets; sourceTree = "<group>"; };
		B2956002270FC495001DA7A4 /* Base */ = {isa = PBXFileReference; lastKnownFileType = file.storyboard; name = Base; path = Base.lproj/LaunchScreen.storyboard; sourceTree = "<group>"; };
		B2956004270FC495001DA7A4 /* Info.plist */ = {isa = PBXFileReference; lastKnownFileType = text.plist.xml; path = Info.plist; sourceTree = "<group>"; };
		B2956009270FC496001DA7A4 /* iOSViperExampleTests.xctest */ = {isa = PBXFileReference; explicitFileType = wrapper.cfbundle; includeInIndex = 0; path = iOSViperExampleTests.xctest; sourceTree = BUILT_PRODUCTS_DIR; };
		B295600D270FC496001DA7A4 /* iOSViperExampleTests.swift */ = {isa = PBXFileReference; lastKnownFileType = sourcecode.swift; path = iOSViperExampleTests.swift; sourceTree = "<group>"; };
		B2956013270FC496001DA7A4 /* iOSViperExampleUITests.xctest */ = {isa = PBXFileReference; explicitFileType = wrapper.cfbundle; includeInIndex = 0; path = iOSViperExampleUITests.xctest; sourceTree = BUILT_PRODUCTS_DIR; };
		B2956017270FC496001DA7A4 /* iOSViperExampleUITests.swift */ = {isa = PBXFileReference; lastKnownFileType = sourcecode.swift; path = iOSViperExampleUITests.swift; sourceTree = "<group>"; };
		B2956019270FC496001DA7A4 /* iOSViperExampleUITestsLaunchTests.swift */ = {isa = PBXFileReference; lastKnownFileType = sourcecode.swift; path = iOSViperExampleUITestsLaunchTests.swift; sourceTree = "<group>"; };
		B2956039270FC97E001DA7A4 /* LoginView.swift */ = {isa = PBXFileReference; lastKnownFileType = sourcecode.swift; path = LoginView.swift; sourceTree = "<group>"; };
		B295603A270FC97E001DA7A4 /* LoginView.xib */ = {isa = PBXFileReference; lastKnownFileType = file.xib; path = LoginView.xib; sourceTree = "<group>"; };
		B295603D270FC99E001DA7A4 /* LoginInteractor.swift */ = {isa = PBXFileReference; lastKnownFileType = sourcecode.swift; path = LoginInteractor.swift; sourceTree = "<group>"; };
		B295603F270FC9D5001DA7A4 /* LoginPresenter.swift */ = {isa = PBXFileReference; lastKnownFileType = sourcecode.swift; path = LoginPresenter.swift; sourceTree = "<group>"; };
		B2956041270FC9EC001DA7A4 /* LoginRequestEntity.swift */ = {isa = PBXFileReference; lastKnownFileType = sourcecode.swift; path = LoginRequestEntity.swift; sourceTree = "<group>"; };
		B2956043270FC9F9001DA7A4 /* LoginResponseEntity.swift */ = {isa = PBXFileReference; lastKnownFileType = sourcecode.swift; path = LoginResponseEntity.swift; sourceTree = "<group>"; };
		B2A91E862720E85A00C6561B /* DogListTableViewCell.swift */ = {isa = PBXFileReference; lastKnownFileType = sourcecode.swift; path = DogListTableViewCell.swift; sourceTree = "<group>"; };
		B2A91E8B2720EB8C00C6561B /* UIViewExtensions.swift */ = {isa = PBXFileReference; lastKnownFileType = sourcecode.swift; path = UIViewExtensions.swift; sourceTree = "<group>"; };
		B2A91E8D2721083000C6561B /* UIViewControllerExtensions.swift */ = {isa = PBXFileReference; lastKnownFileType = sourcecode.swift; path = UIViewControllerExtensions.swift; sourceTree = "<group>"; };
		B2A91E90272114E300C6561B /* CatListTableViewCell.swift */ = {isa = PBXFileReference; lastKnownFileType = sourcecode.swift; path = CatListTableViewCell.swift; sourceTree = "<group>"; };
		B2A91E91272114E300C6561B /* CatListTableViewCell.xib */ = {isa = PBXFileReference; lastKnownFileType = file.xib; path = CatListTableViewCell.xib; sourceTree = "<group>"; };
		B2A91E9427211DA600C6561B /* DogListTableViewCell.xib */ = {isa = PBXFileReference; fileEncoding = 4; lastKnownFileType = file.xib; path = DogListTableViewCell.xib; sourceTree = "<group>"; };
		B2A91E972721328E00C6561B /* Cats.json */ = {isa = PBXFileReference; fileEncoding = 4; lastKnownFileType = text.json; path = Cats.json; sourceTree = "<group>"; };
		B2A91E9F27213B0100C6561B /* AdoptView.swift */ = {isa = PBXFileReference; lastKnownFileType = sourcecode.swift; path = AdoptView.swift; sourceTree = "<group>"; };
		B2A91EA027213B0100C6561B /* AdoptView.xib */ = {isa = PBXFileReference; lastKnownFileType = file.xib; path = AdoptView.xib; sourceTree = "<group>"; };
		B2A91EA327213B2C00C6561B /* AdoptWireframe.swift */ = {isa = PBXFileReference; lastKnownFileType = sourcecode.swift; path = AdoptWireframe.swift; sourceTree = "<group>"; };
		B2A91EA527213B4100C6561B /* AdoptEntity.swift */ = {isa = PBXFileReference; lastKnownFileType = sourcecode.swift; path = AdoptEntity.swift; sourceTree = "<group>"; };
		B2A91EA727213B5800C6561B /* AdoptPresenter.swift */ = {isa = PBXFileReference; lastKnownFileType = sourcecode.swift; path = AdoptPresenter.swift; sourceTree = "<group>"; };
		B2A91EAA27213B6C00C6561B /* AdoptInteractor.swift */ = {isa = PBXFileReference; lastKnownFileType = sourcecode.swift; path = AdoptInteractor.swift; sourceTree = "<group>"; };
		B2A91EAC27213BAD00C6561B /* AdoptProviderProtocol.swift */ = {isa = PBXFileReference; lastKnownFileType = sourcecode.swift; path = AdoptProviderProtocol.swift; sourceTree = "<group>"; };
		B2A91EAE27213BE100C6561B /* AdoptOutputProtocol.swift */ = {isa = PBXFileReference; lastKnownFileType = sourcecode.swift; path = AdoptOutputProtocol.swift; sourceTree = "<group>"; };
		B2A91EB0272142A900C6561B /* AdoptEventHandlerProtocol.swift */ = {isa = PBXFileReference; lastKnownFileType = sourcecode.swift; path = AdoptEventHandlerProtocol.swift; sourceTree = "<group>"; };
/* End PBXFileReference section */

/* Begin PBXFrameworksBuildPhase section */
		B2955FED270FC493001DA7A4 /* Frameworks */ = {
			isa = PBXFrameworksBuildPhase;
			buildActionMask = 2147483647;
			files = (
			);
			runOnlyForDeploymentPostprocessing = 0;
		};
		B2956006270FC496001DA7A4 /* Frameworks */ = {
			isa = PBXFrameworksBuildPhase;
			buildActionMask = 2147483647;
			files = (
			);
			runOnlyForDeploymentPostprocessing = 0;
		};
		B2956010270FC496001DA7A4 /* Frameworks */ = {
			isa = PBXFrameworksBuildPhase;
			buildActionMask = 2147483647;
			files = (
			);
			runOnlyForDeploymentPostprocessing = 0;
		};
/* End PBXFrameworksBuildPhase section */

/* Begin PBXGroup section */
		B238851A270FD66500E25B5B /* Viper Protocols */ = {
			isa = PBXGroup;
			children = (
				B238851B270FD68700E25B5B /* ViperRouter.swift */,
				B238851D270FD75900E25B5B /* ViperPresenter.swift */,
				B238851F270FD7E100E25B5B /* ViperView.swift */,
				B2388521270FD80C00E25B5B /* ViperInteractor.swift */,
			);
			path = "Viper Protocols";
			sourceTree = "<group>";
		};
		B238852D271002CE00E25B5B /* Router */ = {
			isa = PBXGroup;
			children = (
				B23885362710037600E25B5B /* DogsWireframe.swift */,
			);
			path = Router;
			sourceTree = "<group>";
		};
		B238852E271002D700E25B5B /* Entity */ = {
			isa = PBXGroup;
			children = (
				B238853A271003F200E25B5B /* PetEntity.swift */,
			);
			path = Entity;
			sourceTree = "<group>";
		};
		B238852F271002DE00E25B5B /* Presenter */ = {
			isa = PBXGroup;
			children = (
				B23885402710047D00E25B5B /* DogsOutputProtocol.swift */,
				B2388538271003BC00E25B5B /* DogsPresenter.swift */,
			);
			path = Presenter;
			sourceTree = "<group>";
		};
		B2388530271002E400E25B5B /* Interactor */ = {
			isa = PBXGroup;
			children = (
				B238853E2710045F00E25B5B /* DogsProviderProtocol.swift */,
				B238853C2710042F00E25B5B /* DogsInteractor.swift */,
			);
			path = Interactor;
			sourceTree = "<group>";
		};
		B2388531271002FE00E25B5B /* View */ = {
			isa = PBXGroup;
			children = (
				B2388542271005B700E25B5B /* DogsEventHandlerProtocol.swift */,
				B23885322710032B00E25B5B /* DogsView.swift */,
				B23885332710032B00E25B5B /* DogsView.xib */,
			);
			path = View;
			sourceTree = "<group>";
		};
		B2388544271010E500E25B5B /* Router */ = {
			isa = PBXGroup;
			children = (
				B23885492710115300E25B5B /* CatsWireframe.swift */,
			);
			path = Router;
			sourceTree = "<group>";
		};
		B2388545271010F000E25B5B /* Entity */ = {
			isa = PBXGroup;
			children = (
			);
			path = Entity;
			sourceTree = "<group>";
		};
		B23885462710110B00E25B5B /* Presenter */ = {
			isa = PBXGroup;
			children = (
				B238854D2710120300E25B5B /* CatsOutputProtocol.swift */,
				B238854B271011C300E25B5B /* CatsPresenter.swift */,
			);
			path = Presenter;
			sourceTree = "<group>";
		};
		B23885472710111200E25B5B /* Interactor */ = {
			isa = PBXGroup;
			children = (
				B2388551271012D100E25B5B /* CatsProviderProtocol.swift */,
				B238854F2710122C00E25B5B /* CatsInteractor.swift */,
			);
			path = Interactor;
			sourceTree = "<group>";
		};
		B23885482710111A00E25B5B /* View */ = {
			isa = PBXGroup;
			children = (
				B23885572710132200E25B5B /* CatsEventHandlerProtocol.swift */,
				B2388553271012F100E25B5B /* CatsView.swift */,
				B2388554271012F100E25B5B /* CatsView.xib */,
			);
			path = View;
			sourceTree = "<group>";
		};
		B2388559271013C100E25B5B /* Master */ = {
			isa = PBXGroup;
			children = (
				B238855A271013D500E25B5B /* MasterViewController.swift */,
			);
			path = Master;
			sourceTree = "<group>";
		};
		B2955FE7270FC493001DA7A4 = {
			isa = PBXGroup;
			children = (
				B2955FF2270FC493001DA7A4 /* iOSViperExample */,
				B295600C270FC496001DA7A4 /* iOSViperExampleTests */,
				B2956016270FC496001DA7A4 /* iOSViperExampleUITests */,
				B2955FF1270FC493001DA7A4 /* Products */,
			);
			sourceTree = "<group>";
		};
		B2955FF1270FC493001DA7A4 /* Products */ = {
			isa = PBXGroup;
			children = (
				B2955FF0270FC493001DA7A4 /* iOSViperExample.app */,
				B2956009270FC496001DA7A4 /* iOSViperExampleTests.xctest */,
				B2956013270FC496001DA7A4 /* iOSViperExampleUITests.xctest */,
			);
			name = Products;
			sourceTree = "<group>";
		};
		B2955FF2270FC493001DA7A4 /* iOSViperExample */ = {
			isa = PBXGroup;
			children = (
				B2A91E962721326700C6561B /* Resources */,
				B2A91E8A2720EB7200C6561B /* Extensions */,
				B2388559271013C100E25B5B /* Master */,
				B238851A270FD66500E25B5B /* Viper Protocols */,
				B2956026270FC4EC001DA7A4 /* Viper Modules */,
				B2955FF3270FC493001DA7A4 /* AppDelegate.swift */,
				B2955FF5270FC493001DA7A4 /* SceneDelegate.swift */,
				B2955FF7270FC493001DA7A4 /* ViewController.swift */,
				B2955FFF270FC495001DA7A4 /* Assets.xcassets */,
				B2956001270FC495001DA7A4 /* LaunchScreen.storyboard */,
				B2956004270FC495001DA7A4 /* Info.plist */,
				B2955FFC270FC493001DA7A4 /* iOSViperExample.xcdatamodeld */,
			);
			path = iOSViperExample;
			sourceTree = "<group>";
		};
		B295600C270FC496001DA7A4 /* iOSViperExampleTests */ = {
			isa = PBXGroup;
			children = (
				B295600D270FC496001DA7A4 /* iOSViperExampleTests.swift */,
			);
			path = iOSViperExampleTests;
			sourceTree = "<group>";
		};
		B2956016270FC496001DA7A4 /* iOSViperExampleUITests */ = {
			isa = PBXGroup;
			children = (
				B2956017270FC496001DA7A4 /* iOSViperExampleUITests.swift */,
				B2956019270FC496001DA7A4 /* iOSViperExampleUITestsLaunchTests.swift */,
			);
			path = iOSViperExampleUITests;
			sourceTree = "<group>";
		};
		B2956026270FC4EC001DA7A4 /* Viper Modules */ = {
			isa = PBXGroup;
			children = (
				B2956037270FC774001DA7A4 /* Home Sections */,
				B2956028270FC55C001DA7A4 /* Home */,
				B2956027270FC552001DA7A4 /* Login */,
			);
			path = "Viper Modules";
			sourceTree = "<group>";
		};
		B2956027270FC552001DA7A4 /* Login */ = {
			isa = PBXGroup;
			children = (
				B2956032270FC6BC001DA7A4 /* View */,
				B2956031270FC6B4001DA7A4 /* Interactor */,
				B2956030270FC69E001DA7A4 /* Presenter */,
				B295602F270FC697001DA7A4 /* Entity */,
				B295602E270FC68F001DA7A4 /* Router */,
			);
			path = Login;
			sourceTree = "<group>";
		};
		B2956028270FC55C001DA7A4 /* Home */ = {
			isa = PBXGroup;
			children = (
				B2956029270FC5AB001DA7A4 /* View */,
				B295602A270FC5B9001DA7A4 /* Interactor */,
				B295602B270FC5E1001DA7A4 /* Presenter */,
				B295602C270FC635001DA7A4 /* Entity */,
				B295602D270FC640001DA7A4 /* Router */,
			);
			path = Home;
			sourceTree = "<group>";
		};
		B2956029270FC5AB001DA7A4 /* View */ = {
			isa = PBXGroup;
			children = (
				B2388527270FF32900E25B5B /* HomeTabBarView.swift */,
			);
			path = View;
			sourceTree = "<group>";
		};
		B295602A270FC5B9001DA7A4 /* Interactor */ = {
			isa = PBXGroup;
			children = (
			);
			path = Interactor;
			sourceTree = "<group>";
		};
		B295602B270FC5E1001DA7A4 /* Presenter */ = {
			isa = PBXGroup;
			children = (
			);
			path = Presenter;
			sourceTree = "<group>";
		};
		B295602C270FC635001DA7A4 /* Entity */ = {
			isa = PBXGroup;
			children = (
				B238852B2710010D00E25B5B /* HomeTabBarItemEntity.swift */,
			);
			path = Entity;
			sourceTree = "<group>";
		};
		B295602D270FC640001DA7A4 /* Router */ = {
			isa = PBXGroup;
			children = (
				B2388529270FF99200E25B5B /* HomeTabBarWireframe.swift */,
			);
			path = Router;
			sourceTree = "<group>";
		};
		B295602E270FC68F001DA7A4 /* Router */ = {
			isa = PBXGroup;
			children = (
				B2388516270FCC2600E25B5B /* LoginWireframe.swift */,
			);
			path = Router;
			sourceTree = "<group>";
		};
		B295602F270FC697001DA7A4 /* Entity */ = {
			isa = PBXGroup;
			children = (
				B2956041270FC9EC001DA7A4 /* LoginRequestEntity.swift */,
				B2956043270FC9F9001DA7A4 /* LoginResponseEntity.swift */,
			);
			path = Entity;
			sourceTree = "<group>";
		};
		B2956030270FC69E001DA7A4 /* Presenter */ = {
			isa = PBXGroup;
			children = (
				B2388525270FDB6900E25B5B /* LoginOutputProtocol.swift */,
				B295603F270FC9D5001DA7A4 /* LoginPresenter.swift */,
			);
			path = Presenter;
			sourceTree = "<group>";
		};
		B2956031270FC6B4001DA7A4 /* Interactor */ = {
			isa = PBXGroup;
			children = (
				B2388523270FDA5800E25B5B /* LoginProviderProtocol.swift */,
				B295603D270FC99E001DA7A4 /* LoginInteractor.swift */,
			);
			path = Interactor;
			sourceTree = "<group>";
		};
		B2956032270FC6BC001DA7A4 /* View */ = {
			isa = PBXGroup;
			children = (
				B2388518270FD16700E25B5B /* LoginEventHandlerProtocol.swift */,
				B2956039270FC97E001DA7A4 /* LoginView.swift */,
				B295603A270FC97E001DA7A4 /* LoginView.xib */,
			);
			path = View;
			sourceTree = "<group>";
		};
		B2956033270FC715001DA7A4 /* Dogs */ = {
			isa = PBXGroup;
			children = (
				B2A91E852720E82B00C6561B /* Dogs List Table View Cell */,
				B2A91E832720DA9900C6561B /* Dogs List */,
			);
			path = Dogs;
			sourceTree = "<group>";
		};
		B2956034270FC71F001DA7A4 /* Cats */ = {
			isa = PBXGroup;
			children = (
				B2A91E8F272114A100C6561B /* Cats List Table View Cell */,
				B2A91E812720DA5300C6561B /* Cats List */,
			);
			path = Cats;
			sourceTree = "<group>";
		};
		B2956037270FC774001DA7A4 /* Home Sections */ = {
			isa = PBXGroup;
			children = (
				B2A91E9927213A0B00C6561B /* Adopt */,
				B2956038270FC810001DA7A4 /* Profile */,
				B2956034270FC71F001DA7A4 /* Cats */,
				B2956033270FC715001DA7A4 /* Dogs */,
			);
			path = "Home Sections";
			sourceTree = "<group>";
		};
		B2956038270FC810001DA7A4 /* Profile */ = {
			isa = PBXGroup;
			children = (
			);
			path = Profile;
			sourceTree = "<group>";
		};
		B2A91E812720DA5300C6561B /* Cats List */ = {
			isa = PBXGroup;
			children = (
				B23885482710111A00E25B5B /* View */,
				B23885472710111200E25B5B /* Interactor */,
				B23885462710110B00E25B5B /* Presenter */,
				B2388545271010F000E25B5B /* Entity */,
				B2388544271010E500E25B5B /* Router */,
			);
			path = "Cats List";
			sourceTree = "<group>";
		};
		B2A91E832720DA9900C6561B /* Dogs List */ = {
			isa = PBXGroup;
			children = (
				B2388531271002FE00E25B5B /* View */,
				B2388530271002E400E25B5B /* Interactor */,
				B238852F271002DE00E25B5B /* Presenter */,
				B238852E271002D700E25B5B /* Entity */,
				B238852D271002CE00E25B5B /* Router */,
			);
			path = "Dogs List";
			sourceTree = "<group>";
		};
		B2A91E852720E82B00C6561B /* Dogs List Table View Cell */ = {
			isa = PBXGroup;
			children = (
				B2A91E862720E85A00C6561B /* DogListTableViewCell.swift */,
				B2A91E9427211DA600C6561B /* DogListTableViewCell.xib */,
			);
			path = "Dogs List Table View Cell";
			sourceTree = "<group>";
		};
		B2A91E8A2720EB7200C6561B /* Extensions */ = {
			isa = PBXGroup;
			children = (
				B2A91E8B2720EB8C00C6561B /* UIViewExtensions.swift */,
				B2A91E8D2721083000C6561B /* UIViewControllerExtensions.swift */,
			);
			path = Extensions;
			sourceTree = "<group>";
		};
		B2A91E8F272114A100C6561B /* Cats List Table View Cell */ = {
			isa = PBXGroup;
			children = (
				B2A91E90272114E300C6561B /* CatListTableViewCell.swift */,
				B2A91E91272114E300C6561B /* CatListTableViewCell.xib */,
			);
			path = "Cats List Table View Cell";
			sourceTree = "<group>";
		};
		B2A91E962721326700C6561B /* Resources */ = {
			isa = PBXGroup;
			children = (
				B2A91E972721328E00C6561B /* Cats.json */,
			);
			path = Resources;
			sourceTree = "<group>";
		};
		B2A91E9927213A0B00C6561B /* Adopt */ = {
			isa = PBXGroup;
			children = (
				B2A91E9E27213AE300C6561B /* View */,
				B2A91E9D27213A6300C6561B /* Interactor */,
				B2A91E9C27213A3F00C6561B /* Presenter */,
				B2A91E9B27213A1D00C6561B /* Entity */,
				B2A91E9A27213A1400C6561B /* Router */,
			);
			path = Adopt;
			sourceTree = "<group>";
		};
		B2A91E9A27213A1400C6561B /* Router */ = {
			isa = PBXGroup;
			children = (
				B2A91EA327213B2C00C6561B /* AdoptWireframe.swift */,
			);
			path = Router;
			sourceTree = "<group>";
		};
		B2A91E9B27213A1D00C6561B /* Entity */ = {
			isa = PBXGroup;
			children = (
				B2A91EA527213B4100C6561B /* AdoptEntity.swift */,
			);
			path = Entity;
			sourceTree = "<group>";
		};
		B2A91E9C27213A3F00C6561B /* Presenter */ = {
			isa = PBXGroup;
			children = (
				B2A91EAE27213BE100C6561B /* AdoptOutputProtocol.swift */,
				B2A91EA727213B5800C6561B /* AdoptPresenter.swift */,
			);
			path = Presenter;
			sourceTree = "<group>";
		};
		B2A91E9D27213A6300C6561B /* Interactor */ = {
			isa = PBXGroup;
			children = (
				B2A91EAC27213BAD00C6561B /* AdoptProviderProtocol.swift */,
				B2A91EAA27213B6C00C6561B /* AdoptInteractor.swift */,
			);
			path = Interactor;
			sourceTree = "<group>";
		};
		B2A91E9E27213AE300C6561B /* View */ = {
			isa = PBXGroup;
			children = (
				B2A91EB0272142A900C6561B /* AdoptEventHandlerProtocol.swift */,
				B2A91E9F27213B0100C6561B /* AdoptView.swift */,
				B2A91EA027213B0100C6561B /* AdoptView.xib */,
			);
			path = View;
			sourceTree = "<group>";
		};
/* End PBXGroup section */

/* Begin PBXNativeTarget section */
		B2955FEF270FC493001DA7A4 /* iOSViperExample */ = {
			isa = PBXNativeTarget;
			buildConfigurationList = B295601D270FC496001DA7A4 /* Build configuration list for PBXNativeTarget "iOSViperExample" */;
			buildPhases = (
				B2955FEC270FC493001DA7A4 /* Sources */,
				B2955FED270FC493001DA7A4 /* Frameworks */,
				B2955FEE270FC493001DA7A4 /* Resources */,
			);
			buildRules = (
			);
			dependencies = (
			);
			name = iOSViperExample;
			productName = iOSViperExample;
			productReference = B2955FF0270FC493001DA7A4 /* iOSViperExample.app */;
			productType = "com.apple.product-type.application";
		};
		B2956008270FC496001DA7A4 /* iOSViperExampleTests */ = {
			isa = PBXNativeTarget;
			buildConfigurationList = B2956020270FC496001DA7A4 /* Build configuration list for PBXNativeTarget "iOSViperExampleTests" */;
			buildPhases = (
				B2956005270FC496001DA7A4 /* Sources */,
				B2956006270FC496001DA7A4 /* Frameworks */,
				B2956007270FC496001DA7A4 /* Resources */,
			);
			buildRules = (
			);
			dependencies = (
				B295600B270FC496001DA7A4 /* PBXTargetDependency */,
			);
			name = iOSViperExampleTests;
			productName = iOSViperExampleTests;
			productReference = B2956009270FC496001DA7A4 /* iOSViperExampleTests.xctest */;
			productType = "com.apple.product-type.bundle.unit-test";
		};
		B2956012270FC496001DA7A4 /* iOSViperExampleUITests */ = {
			isa = PBXNativeTarget;
			buildConfigurationList = B2956023270FC496001DA7A4 /* Build configuration list for PBXNativeTarget "iOSViperExampleUITests" */;
			buildPhases = (
				B295600F270FC496001DA7A4 /* Sources */,
				B2956010270FC496001DA7A4 /* Frameworks */,
				B2956011270FC496001DA7A4 /* Resources */,
			);
			buildRules = (
			);
			dependencies = (
				B2956015270FC496001DA7A4 /* PBXTargetDependency */,
			);
			name = iOSViperExampleUITests;
			productName = iOSViperExampleUITests;
			productReference = B2956013270FC496001DA7A4 /* iOSViperExampleUITests.xctest */;
			productType = "com.apple.product-type.bundle.ui-testing";
		};
/* End PBXNativeTarget section */

/* Begin PBXProject section */
		B2955FE8270FC493001DA7A4 /* Project object */ = {
			isa = PBXProject;
			attributes = {
				BuildIndependentTargetsInParallel = 1;
				LastSwiftUpdateCheck = 1300;
				LastUpgradeCheck = 1300;
				TargetAttributes = {
					B2955FEF270FC493001DA7A4 = {
						CreatedOnToolsVersion = 13.0;
					};
					B2956008270FC496001DA7A4 = {
						CreatedOnToolsVersion = 13.0;
						TestTargetID = B2955FEF270FC493001DA7A4;
					};
					B2956012270FC496001DA7A4 = {
						CreatedOnToolsVersion = 13.0;
						TestTargetID = B2955FEF270FC493001DA7A4;
					};
				};
			};
			buildConfigurationList = B2955FEB270FC493001DA7A4 /* Build configuration list for PBXProject "iOSViperExample" */;
			compatibilityVersion = "Xcode 13.0";
			developmentRegion = en;
			hasScannedForEncodings = 0;
			knownRegions = (
				en,
				Base,
			);
			mainGroup = B2955FE7270FC493001DA7A4;
			productRefGroup = B2955FF1270FC493001DA7A4 /* Products */;
			projectDirPath = "";
			projectRoot = "";
			targets = (
				B2955FEF270FC493001DA7A4 /* iOSViperExample */,
				B2956008270FC496001DA7A4 /* iOSViperExampleTests */,
				B2956012270FC496001DA7A4 /* iOSViperExampleUITests */,
			);
		};
/* End PBXProject section */

/* Begin PBXResourcesBuildPhase section */
		B2955FEE270FC493001DA7A4 /* Resources */ = {
			isa = PBXResourcesBuildPhase;
			buildActionMask = 2147483647;
			files = (
				B2956003270FC495001DA7A4 /* LaunchScreen.storyboard in Resources */,
				B23885352710032B00E25B5B /* DogsView.xib in Resources */,
				B2388556271012F100E25B5B /* CatsView.xib in Resources */,
				B2A91EA227213B0100C6561B /* AdoptView.xib in Resources */,
				B2956000270FC495001DA7A4 /* Assets.xcassets in Resources */,
				B2A91E982721328E00C6561B /* Cats.json in Resources */,
				B2A91E9527211DA600C6561B /* DogListTableViewCell.xib in Resources */,
				B295603C270FC97E001DA7A4 /* LoginView.xib in Resources */,
				B2A91E93272114E300C6561B /* CatListTableViewCell.xib in Resources */,
			);
			runOnlyForDeploymentPostprocessing = 0;
		};
		B2956007270FC496001DA7A4 /* Resources */ = {
			isa = PBXResourcesBuildPhase;
			buildActionMask = 2147483647;
			files = (
			);
			runOnlyForDeploymentPostprocessing = 0;
		};
		B2956011270FC496001DA7A4 /* Resources */ = {
			isa = PBXResourcesBuildPhase;
			buildActionMask = 2147483647;
			files = (
			);
			runOnlyForDeploymentPostprocessing = 0;
		};
/* End PBXResourcesBuildPhase section */

/* Begin PBXSourcesBuildPhase section */
		B2955FEC270FC493001DA7A4 /* Sources */ = {
			isa = PBXSourcesBuildPhase;
			buildActionMask = 2147483647;
			files = (
				B2388543271005B700E25B5B /* DogsEventHandlerProtocol.swift in Sources */,
				B23885342710032B00E25B5B /* DogsView.swift in Sources */,
				B23885372710037600E25B5B /* DogsWireframe.swift in Sources */,
				B2A91EA627213B4100C6561B /* AdoptEntity.swift in Sources */,
				B238854C271011C300E25B5B /* CatsPresenter.swift in Sources */,
				B238851E270FD75900E25B5B /* ViperPresenter.swift in Sources */,
				B2955FF8270FC493001DA7A4 /* ViewController.swift in Sources */,
				B2955FFE270FC493001DA7A4 /* iOSViperExample.xcdatamodeld in Sources */,
				B238854E2710120300E25B5B /* CatsOutputProtocol.swift in Sources */,
				B2388519270FD16700E25B5B /* LoginEventHandlerProtocol.swift in Sources */,
				B2388539271003BC00E25B5B /* DogsPresenter.swift in Sources */,
				B2A91EA827213B5800C6561B /* AdoptPresenter.swift in Sources */,
				B2A91E8C2720EB8C00C6561B /* UIViewExtensions.swift in Sources */,
				B2956042270FC9EC001DA7A4 /* LoginRequestEntity.swift in Sources */,
				B2A91E92272114E300C6561B /* CatListTableViewCell.swift in Sources */,
				B2388528270FF32900E25B5B /* HomeTabBarView.swift in Sources */,
				B238852A270FF99200E25B5B /* HomeTabBarWireframe.swift in Sources */,
				B2956040270FC9D5001DA7A4 /* LoginPresenter.swift in Sources */,
				B2A91EAB27213B6C00C6561B /* AdoptInteractor.swift in Sources */,
				B295603E270FC99E001DA7A4 /* LoginInteractor.swift in Sources */,
				B2A91EB1272142A900C6561B /* AdoptEventHandlerProtocol.swift in Sources */,
				B2A91E8E2721083000C6561B /* UIViewControllerExtensions.swift in Sources */,
				B2955FF4270FC493001DA7A4 /* AppDelegate.swift in Sources */,
				B238851C270FD68700E25B5B /* ViperRouter.swift in Sources */,
				B2A91EAD27213BAE00C6561B /* AdoptProviderProtocol.swift in Sources */,
				B2388552271012D100E25B5B /* CatsProviderProtocol.swift in Sources */,
				B238853D2710042F00E25B5B /* DogsInteractor.swift in Sources */,
				B2388555271012F100E25B5B /* CatsView.swift in Sources */,
				B295603B270FC97E001DA7A4 /* LoginView.swift in Sources */,
				B2956044270FC9F9001DA7A4 /* LoginResponseEntity.swift in Sources */,
				B23885412710047D00E25B5B /* DogsOutputProtocol.swift in Sources */,
				B23885502710122C00E25B5B /* CatsInteractor.swift in Sources */,
				B2388520270FD7E100E25B5B /* ViperView.swift in Sources */,
				B238854A2710115300E25B5B /* CatsWireframe.swift in Sources */,
				B2A91EA427213B2C00C6561B /* AdoptWireframe.swift in Sources */,
				B23885582710132200E25B5B /* CatsEventHandlerProtocol.swift in Sources */,
				B238853B271003F200E25B5B /* PetEntity.swift in Sources */,
				B2A91EAF27213BE100C6561B /* AdoptOutputProtocol.swift in Sources */,
				B238852C2710010D00E25B5B /* HomeTabBarItemEntity.swift in Sources */,
				B2388524270FDA5800E25B5B /* LoginProviderProtocol.swift in Sources */,
				B2388517270FCC2600E25B5B /* LoginWireframe.swift in Sources */,
				B2388526270FDB6900E25B5B /* LoginOutputProtocol.swift in Sources */,
				B2A91EA127213B0100C6561B /* AdoptView.swift in Sources */,
				B238855B271013D500E25B5B /* MasterViewController.swift in Sources */,
				B238853F2710045F00E25B5B /* DogsProviderProtocol.swift in Sources */,
				B2A91E882720E85A00C6561B /* DogListTableViewCell.swift in Sources */,
				B2955FF6270FC493001DA7A4 /* SceneDelegate.swift in Sources */,
				B2388522270FD80C00E25B5B /* ViperInteractor.swift in Sources */,
			);
			runOnlyForDeploymentPostprocessing = 0;
		};
		B2956005270FC496001DA7A4 /* Sources */ = {
			isa = PBXSourcesBuildPhase;
			buildActionMask = 2147483647;
			files = (
				B295600E270FC496001DA7A4 /* iOSViperExampleTests.swift in Sources */,
			);
			runOnlyForDeploymentPostprocessing = 0;
		};
		B295600F270FC496001DA7A4 /* Sources */ = {
			isa = PBXSourcesBuildPhase;
			buildActionMask = 2147483647;
			files = (
				B295601A270FC496001DA7A4 /* iOSViperExampleUITestsLaunchTests.swift in Sources */,
				B2956018270FC496001DA7A4 /* iOSViperExampleUITests.swift in Sources */,
			);
			runOnlyForDeploymentPostprocessing = 0;
		};
/* End PBXSourcesBuildPhase section */

/* Begin PBXTargetDependency section */
		B295600B270FC496001DA7A4 /* PBXTargetDependency */ = {
			isa = PBXTargetDependency;
			target = B2955FEF270FC493001DA7A4 /* iOSViperExample */;
			targetProxy = B295600A270FC496001DA7A4 /* PBXContainerItemProxy */;
		};
		B2956015270FC496001DA7A4 /* PBXTargetDependency */ = {
			isa = PBXTargetDependency;
			target = B2955FEF270FC493001DA7A4 /* iOSViperExample */;
			targetProxy = B2956014270FC496001DA7A4 /* PBXContainerItemProxy */;
		};
/* End PBXTargetDependency section */

/* Begin PBXVariantGroup section */
		B2956001270FC495001DA7A4 /* LaunchScreen.storyboard */ = {
			isa = PBXVariantGroup;
			children = (
				B2956002270FC495001DA7A4 /* Base */,
			);
			name = LaunchScreen.storyboard;
			sourceTree = "<group>";
		};
/* End PBXVariantGroup section */

/* Begin XCBuildConfiguration section */
		B295601B270FC496001DA7A4 /* Debug */ = {
			isa = XCBuildConfiguration;
			buildSettings = {
				ALWAYS_SEARCH_USER_PATHS = NO;
				CLANG_ANALYZER_NONNULL = YES;
				CLANG_ANALYZER_NUMBER_OBJECT_CONVERSION = YES_AGGRESSIVE;
				CLANG_CXX_LANGUAGE_STANDARD = "gnu++17";
				CLANG_CXX_LIBRARY = "libc++";
				CLANG_ENABLE_MODULES = YES;
				CLANG_ENABLE_OBJC_ARC = YES;
				CLANG_ENABLE_OBJC_WEAK = YES;
				CLANG_WARN_BLOCK_CAPTURE_AUTORELEASING = YES;
				CLANG_WARN_BOOL_CONVERSION = YES;
				CLANG_WARN_COMMA = YES;
				CLANG_WARN_CONSTANT_CONVERSION = YES;
				CLANG_WARN_DEPRECATED_OBJC_IMPLEMENTATIONS = YES;
				CLANG_WARN_DIRECT_OBJC_ISA_USAGE = YES_ERROR;
				CLANG_WARN_DOCUMENTATION_COMMENTS = YES;
				CLANG_WARN_EMPTY_BODY = YES;
				CLANG_WARN_ENUM_CONVERSION = YES;
				CLANG_WARN_INFINITE_RECURSION = YES;
				CLANG_WARN_INT_CONVERSION = YES;
				CLANG_WARN_NON_LITERAL_NULL_CONVERSION = YES;
				CLANG_WARN_OBJC_IMPLICIT_RETAIN_SELF = YES;
				CLANG_WARN_OBJC_LITERAL_CONVERSION = YES;
				CLANG_WARN_OBJC_ROOT_CLASS = YES_ERROR;
				CLANG_WARN_QUOTED_INCLUDE_IN_FRAMEWORK_HEADER = YES;
				CLANG_WARN_RANGE_LOOP_ANALYSIS = YES;
				CLANG_WARN_STRICT_PROTOTYPES = YES;
				CLANG_WARN_SUSPICIOUS_MOVE = YES;
				CLANG_WARN_UNGUARDED_AVAILABILITY = YES_AGGRESSIVE;
				CLANG_WARN_UNREACHABLE_CODE = YES;
				CLANG_WARN__DUPLICATE_METHOD_MATCH = YES;
				COPY_PHASE_STRIP = NO;
				DEBUG_INFORMATION_FORMAT = dwarf;
				ENABLE_STRICT_OBJC_MSGSEND = YES;
				ENABLE_TESTABILITY = YES;
				GCC_C_LANGUAGE_STANDARD = gnu11;
				GCC_DYNAMIC_NO_PIC = NO;
				GCC_NO_COMMON_BLOCKS = YES;
				GCC_OPTIMIZATION_LEVEL = 0;
				GCC_PREPROCESSOR_DEFINITIONS = (
					"DEBUG=1",
					"$(inherited)",
				);
				GCC_WARN_64_TO_32_BIT_CONVERSION = YES;
				GCC_WARN_ABOUT_RETURN_TYPE = YES_ERROR;
				GCC_WARN_UNDECLARED_SELECTOR = YES;
				GCC_WARN_UNINITIALIZED_AUTOS = YES_AGGRESSIVE;
				GCC_WARN_UNUSED_FUNCTION = YES;
				GCC_WARN_UNUSED_VARIABLE = YES;
				IPHONEOS_DEPLOYMENT_TARGET = 15.0;
				MTL_ENABLE_DEBUG_INFO = INCLUDE_SOURCE;
				MTL_FAST_MATH = YES;
				ONLY_ACTIVE_ARCH = YES;
				SDKROOT = iphoneos;
				SWIFT_ACTIVE_COMPILATION_CONDITIONS = DEBUG;
				SWIFT_OPTIMIZATION_LEVEL = "-Onone";
			};
			name = Debug;
		};
		B295601C270FC496001DA7A4 /* Release */ = {
			isa = XCBuildConfiguration;
			buildSettings = {
				ALWAYS_SEARCH_USER_PATHS = NO;
				CLANG_ANALYZER_NONNULL = YES;
				CLANG_ANALYZER_NUMBER_OBJECT_CONVERSION = YES_AGGRESSIVE;
				CLANG_CXX_LANGUAGE_STANDARD = "gnu++17";
				CLANG_CXX_LIBRARY = "libc++";
				CLANG_ENABLE_MODULES = YES;
				CLANG_ENABLE_OBJC_ARC = YES;
				CLANG_ENABLE_OBJC_WEAK = YES;
				CLANG_WARN_BLOCK_CAPTURE_AUTORELEASING = YES;
				CLANG_WARN_BOOL_CONVERSION = YES;
				CLANG_WARN_COMMA = YES;
				CLANG_WARN_CONSTANT_CONVERSION = YES;
				CLANG_WARN_DEPRECATED_OBJC_IMPLEMENTATIONS = YES;
				CLANG_WARN_DIRECT_OBJC_ISA_USAGE = YES_ERROR;
				CLANG_WARN_DOCUMENTATION_COMMENTS = YES;
				CLANG_WARN_EMPTY_BODY = YES;
				CLANG_WARN_ENUM_CONVERSION = YES;
				CLANG_WARN_INFINITE_RECURSION = YES;
				CLANG_WARN_INT_CONVERSION = YES;
				CLANG_WARN_NON_LITERAL_NULL_CONVERSION = YES;
				CLANG_WARN_OBJC_IMPLICIT_RETAIN_SELF = YES;
				CLANG_WARN_OBJC_LITERAL_CONVERSION = YES;
				CLANG_WARN_OBJC_ROOT_CLASS = YES_ERROR;
				CLANG_WARN_QUOTED_INCLUDE_IN_FRAMEWORK_HEADER = YES;
				CLANG_WARN_RANGE_LOOP_ANALYSIS = YES;
				CLANG_WARN_STRICT_PROTOTYPES = YES;
				CLANG_WARN_SUSPICIOUS_MOVE = YES;
				CLANG_WARN_UNGUARDED_AVAILABILITY = YES_AGGRESSIVE;
				CLANG_WARN_UNREACHABLE_CODE = YES;
				CLANG_WARN__DUPLICATE_METHOD_MATCH = YES;
				COPY_PHASE_STRIP = NO;
				DEBUG_INFORMATION_FORMAT = "dwarf-with-dsym";
				ENABLE_NS_ASSERTIONS = NO;
				ENABLE_STRICT_OBJC_MSGSEND = YES;
				GCC_C_LANGUAGE_STANDARD = gnu11;
				GCC_NO_COMMON_BLOCKS = YES;
				GCC_WARN_64_TO_32_BIT_CONVERSION = YES;
				GCC_WARN_ABOUT_RETURN_TYPE = YES_ERROR;
				GCC_WARN_UNDECLARED_SELECTOR = YES;
				GCC_WARN_UNINITIALIZED_AUTOS = YES_AGGRESSIVE;
				GCC_WARN_UNUSED_FUNCTION = YES;
				GCC_WARN_UNUSED_VARIABLE = YES;
				IPHONEOS_DEPLOYMENT_TARGET = 15.0;
				MTL_ENABLE_DEBUG_INFO = NO;
				MTL_FAST_MATH = YES;
				SDKROOT = iphoneos;
				SWIFT_COMPILATION_MODE = wholemodule;
				SWIFT_OPTIMIZATION_LEVEL = "-O";
				VALIDATE_PRODUCT = YES;
			};
			name = Release;
		};
		B295601E270FC496001DA7A4 /* Debug */ = {
			isa = XCBuildConfiguration;
			buildSettings = {
				ASSETCATALOG_COMPILER_APPICON_NAME = AppIcon;
				ASSETCATALOG_COMPILER_GLOBAL_ACCENT_COLOR_NAME = AccentColor;
				CODE_SIGN_STYLE = Automatic;
				CURRENT_PROJECT_VERSION = 1;
				DEVELOPMENT_TEAM = S8N34947Y9;
				GENERATE_INFOPLIST_FILE = YES;
				INFOPLIST_FILE = iOSViperExample/Info.plist;
				INFOPLIST_KEY_UIApplicationSupportsIndirectInputEvents = YES;
				INFOPLIST_KEY_UILaunchStoryboardName = LaunchScreen;
				INFOPLIST_KEY_UISupportedInterfaceOrientations_iPad = "UIInterfaceOrientationPortrait UIInterfaceOrientationPortraitUpsideDown UIInterfaceOrientationLandscapeLeft UIInterfaceOrientationLandscapeRight";
				INFOPLIST_KEY_UISupportedInterfaceOrientations_iPhone = "UIInterfaceOrientationPortrait UIInterfaceOrientationLandscapeLeft UIInterfaceOrientationLandscapeRight";
				IPHONEOS_DEPLOYMENT_TARGET = 15.0;
				LD_RUNPATH_SEARCH_PATHS = (
					"$(inherited)",
					"@executable_path/Frameworks",
				);
				MARKETING_VERSION = 1.0;
				PRODUCT_BUNDLE_IDENTIFIER = com.examples.iOSViperExample;
				PRODUCT_NAME = "$(TARGET_NAME)";
				SWIFT_EMIT_LOC_STRINGS = YES;
				SWIFT_VERSION = 5.0;
				TARGETED_DEVICE_FAMILY = "1,2";
			};
			name = Debug;
		};
		B295601F270FC496001DA7A4 /* Release */ = {
			isa = XCBuildConfiguration;
			buildSettings = {
				ASSETCATALOG_COMPILER_APPICON_NAME = AppIcon;
				ASSETCATALOG_COMPILER_GLOBAL_ACCENT_COLOR_NAME = AccentColor;
				CODE_SIGN_STYLE = Automatic;
				CURRENT_PROJECT_VERSION = 1;
				DEVELOPMENT_TEAM = S8N34947Y9;
				GENERATE_INFOPLIST_FILE = YES;
				INFOPLIST_FILE = iOSViperExample/Info.plist;
				INFOPLIST_KEY_UIApplicationSupportsIndirectInputEvents = YES;
				INFOPLIST_KEY_UILaunchStoryboardName = LaunchScreen;
				INFOPLIST_KEY_UISupportedInterfaceOrientations_iPad = "UIInterfaceOrientationPortrait UIInterfaceOrientationPortraitUpsideDown UIInterfaceOrientationLandscapeLeft UIInterfaceOrientationLandscapeRight";
				INFOPLIST_KEY_UISupportedInterfaceOrientations_iPhone = "UIInterfaceOrientationPortrait UIInterfaceOrientationLandscapeLeft UIInterfaceOrientationLandscapeRight";
				IPHONEOS_DEPLOYMENT_TARGET = 15.0;
				LD_RUNPATH_SEARCH_PATHS = (
					"$(inherited)",
					"@executable_path/Frameworks",
				);
				MARKETING_VERSION = 1.0;
				PRODUCT_BUNDLE_IDENTIFIER = com.examples.iOSViperExample;
				PRODUCT_NAME = "$(TARGET_NAME)";
				SWIFT_EMIT_LOC_STRINGS = YES;
				SWIFT_VERSION = 5.0;
				TARGETED_DEVICE_FAMILY = "1,2";
			};
			name = Release;
		};
		B2956021270FC496001DA7A4 /* Debug */ = {
			isa = XCBuildConfiguration;
			buildSettings = {
				ALWAYS_EMBED_SWIFT_STANDARD_LIBRARIES = YES;
				BUNDLE_LOADER = "$(TEST_HOST)";
				CODE_SIGN_STYLE = Automatic;
				CURRENT_PROJECT_VERSION = 1;
				DEVELOPMENT_TEAM = S8N34947Y9;
				GENERATE_INFOPLIST_FILE = YES;
				IPHONEOS_DEPLOYMENT_TARGET = 15.0;
				LD_RUNPATH_SEARCH_PATHS = (
					"$(inherited)",
					"@executable_path/Frameworks",
					"@loader_path/Frameworks",
				);
				MARKETING_VERSION = 1.0;
				PRODUCT_BUNDLE_IDENTIFIER = com.examples.iOSViperExampleTests;
				PRODUCT_NAME = "$(TARGET_NAME)";
				SWIFT_EMIT_LOC_STRINGS = NO;
				SWIFT_VERSION = 5.0;
				TARGETED_DEVICE_FAMILY = "1,2";
				TEST_HOST = "$(BUILT_PRODUCTS_DIR)/iOSViperExample.app/iOSViperExample";
			};
			name = Debug;
		};
		B2956022270FC496001DA7A4 /* Release */ = {
			isa = XCBuildConfiguration;
			buildSettings = {
				ALWAYS_EMBED_SWIFT_STANDARD_LIBRARIES = YES;
				BUNDLE_LOADER = "$(TEST_HOST)";
				CODE_SIGN_STYLE = Automatic;
				CURRENT_PROJECT_VERSION = 1;
				DEVELOPMENT_TEAM = S8N34947Y9;
				GENERATE_INFOPLIST_FILE = YES;
				IPHONEOS_DEPLOYMENT_TARGET = 15.0;
				LD_RUNPATH_SEARCH_PATHS = (
					"$(inherited)",
					"@executable_path/Frameworks",
					"@loader_path/Frameworks",
				);
				MARKETING_VERSION = 1.0;
				PRODUCT_BUNDLE_IDENTIFIER = com.examples.iOSViperExampleTests;
				PRODUCT_NAME = "$(TARGET_NAME)";
				SWIFT_EMIT_LOC_STRINGS = NO;
				SWIFT_VERSION = 5.0;
				TARGETED_DEVICE_FAMILY = "1,2";
				TEST_HOST = "$(BUILT_PRODUCTS_DIR)/iOSViperExample.app/iOSViperExample";
			};
			name = Release;
		};
		B2956024270FC496001DA7A4 /* Debug */ = {
			isa = XCBuildConfiguration;
			buildSettings = {
				ALWAYS_EMBED_SWIFT_STANDARD_LIBRARIES = YES;
				CODE_SIGN_STYLE = Automatic;
				CURRENT_PROJECT_VERSION = 1;
				DEVELOPMENT_TEAM = S8N34947Y9;
				GENERATE_INFOPLIST_FILE = YES;
				LD_RUNPATH_SEARCH_PATHS = (
					"$(inherited)",
					"@executable_path/Frameworks",
					"@loader_path/Frameworks",
				);
				MARKETING_VERSION = 1.0;
				PRODUCT_BUNDLE_IDENTIFIER = com.examples.iOSViperExampleUITests;
				PRODUCT_NAME = "$(TARGET_NAME)";
				SWIFT_EMIT_LOC_STRINGS = NO;
				SWIFT_VERSION = 5.0;
				TARGETED_DEVICE_FAMILY = "1,2";
				TEST_TARGET_NAME = iOSViperExample;
			};
			name = Debug;
		};
		B2956025270FC496001DA7A4 /* Release */ = {
			isa = XCBuildConfiguration;
			buildSettings = {
				ALWAYS_EMBED_SWIFT_STANDARD_LIBRARIES = YES;
				CODE_SIGN_STYLE = Automatic;
				CURRENT_PROJECT_VERSION = 1;
				DEVELOPMENT_TEAM = S8N34947Y9;
				GENERATE_INFOPLIST_FILE = YES;
				LD_RUNPATH_SEARCH_PATHS = (
					"$(inherited)",
					"@executable_path/Frameworks",
					"@loader_path/Frameworks",
				);
				MARKETING_VERSION = 1.0;
				PRODUCT_BUNDLE_IDENTIFIER = com.examples.iOSViperExampleUITests;
				PRODUCT_NAME = "$(TARGET_NAME)";
				SWIFT_EMIT_LOC_STRINGS = NO;
				SWIFT_VERSION = 5.0;
				TARGETED_DEVICE_FAMILY = "1,2";
				TEST_TARGET_NAME = iOSViperExample;
			};
			name = Release;
		};
/* End XCBuildConfiguration section */

/* Begin XCConfigurationList section */
		B2955FEB270FC493001DA7A4 /* Build configuration list for PBXProject "iOSViperExample" */ = {
			isa = XCConfigurationList;
			buildConfigurations = (
				B295601B270FC496001DA7A4 /* Debug */,
				B295601C270FC496001DA7A4 /* Release */,
			);
			defaultConfigurationIsVisible = 0;
			defaultConfigurationName = Release;
		};
		B295601D270FC496001DA7A4 /* Build configuration list for PBXNativeTarget "iOSViperExample" */ = {
			isa = XCConfigurationList;
			buildConfigurations = (
				B295601E270FC496001DA7A4 /* Debug */,
				B295601F270FC496001DA7A4 /* Release */,
			);
			defaultConfigurationIsVisible = 0;
			defaultConfigurationName = Release;
		};
		B2956020270FC496001DA7A4 /* Build configuration list for PBXNativeTarget "iOSViperExampleTests" */ = {
			isa = XCConfigurationList;
			buildConfigurations = (
				B2956021270FC496001DA7A4 /* Debug */,
				B2956022270FC496001DA7A4 /* Release */,
			);
			defaultConfigurationIsVisible = 0;
			defaultConfigurationName = Release;
		};
		B2956023270FC496001DA7A4 /* Build configuration list for PBXNativeTarget "iOSViperExampleUITests" */ = {
			isa = XCConfigurationList;
			buildConfigurations = (
				B2956024270FC496001DA7A4 /* Debug */,
				B2956025270FC496001DA7A4 /* Release */,
			);
			defaultConfigurationIsVisible = 0;
			defaultConfigurationName = Release;
		};
/* End XCConfigurationList section */

/* Begin XCVersionGroup section */
		B2955FFC270FC493001DA7A4 /* iOSViperExample.xcdatamodeld */ = {
			isa = XCVersionGroup;
			children = (
				B2955FFD270FC493001DA7A4 /* iOSViperExample.xcdatamodel */,
			);
			currentVersion = B2955FFD270FC493001DA7A4 /* iOSViperExample.xcdatamodel */;
			path = iOSViperExample.xcdatamodeld;
			sourceTree = "<group>";
			versionGroupType = wrapper.xcdatamodel;
		};
/* End XCVersionGroup section */
	};
	rootObject = B2955FE8270FC493001DA7A4 /* Project object */;
}
